
Microsoft Visual Studio Solution File, Format Version 12.00
# Visual Studio 15
VisualStudioVersion = 15.0.26124.0
MinimumVisualStudioVersion = 15.0.26124.0
Project("{9A19103F-16F7-4668-BE54-9A1E7A4F7556}") = "R5T.Gaul.Construction", "R5T.Gaul.Construction\R5T.Gaul.Construction.csproj", "{C270747D-0E55-4FAA-A537-BFDB3B2A9DC8}"
EndProject
Project("{9A19103F-16F7-4668-BE54-9A1E7A4F7556}") = "R5T.Gaul", "R5T.Gaul\R5T.Gaul.csproj", "{1A470E82-F591-468E-8A45-23DC7ACC5726}"
EndProject
Project("{9A19103F-16F7-4668-BE54-9A1E7A4F7556}") = "R5T.Gaul.Testing", "R5T.Gaul.Testing\R5T.Gaul.Testing.csproj", "{618D3ADF-76C2-4011-8F89-56203CF54F3E}"
EndProject
Project("{2150E333-8FDC-42A3-9474-1A3956D46DE8}") = "_Dependencies", "_Dependencies", "{AD37148D-99AF-434A-814C-C93B0CD62308}"
EndProject
Project("{9A19103F-16F7-4668-BE54-9A1E7A4F7556}") = "R5T.Langobard", "..\..\R5T.Langobard\source\R5T.Langobard\R5T.Langobard.csproj", "{7F772703-B1B9-45A9-A3FD-8BDCC5821391}"
EndProject
Project("{9A19103F-16F7-4668-BE54-9A1E7A4F7556}") = "R5T.Dacia", "..\..\R5T.Dacia\source\R5T.Dacia\R5T.Dacia.csproj", "{8CE6281B-B76D-41ED-81FD-3954DB1E9678}"
EndProject
Project("{9A19103F-16F7-4668-BE54-9A1E7A4F7556}") = "R5T.Chamavia", "..\..\R5T.Chamavia\source\R5T.Chamavia\R5T.Chamavia.csproj", "{B1FEC1A6-DD6A-4F62-824C-6D82EDFE5308}"
EndProject
Project("{9A19103F-16F7-4668-BE54-9A1E7A4F7556}") = "R5T.Sardinia", "..\..\R5T.Sardinia\source\R5T.Sardinia\R5T.Sardinia.csproj", "{3020F672-4E2F-41EA-9259-D1B26B8E66B1}"
EndProject
Global
	GlobalSection(SolutionConfigurationPlatforms) = preSolution
		Debug|Any CPU = Debug|Any CPU
		Debug|x64 = Debug|x64
		Debug|x86 = Debug|x86
		Release|Any CPU = Release|Any CPU
		Release|x64 = Release|x64
		Release|x86 = Release|x86
	EndGlobalSection
	GlobalSection(ProjectConfigurationPlatforms) = postSolution
		{C270747D-0E55-4FAA-A537-BFDB3B2A9DC8}.Debug|Any CPU.ActiveCfg = Debug|Any CPU
		{C270747D-0E55-4FAA-A537-BFDB3B2A9DC8}.Debug|Any CPU.Build.0 = Debug|Any CPU
		{C270747D-0E55-4FAA-A537-BFDB3B2A9DC8}.Debug|x64.ActiveCfg = Debug|Any CPU
		{C270747D-0E55-4FAA-A537-BFDB3B2A9DC8}.Debug|x64.Build.0 = Debug|Any CPU
		{C270747D-0E55-4FAA-A537-BFDB3B2A9DC8}.Debug|x86.ActiveCfg = Debug|Any CPU
		{C270747D-0E55-4FAA-A537-BFDB3B2A9DC8}.Debug|x86.Build.0 = Debug|Any CPU
		{C270747D-0E55-4FAA-A537-BFDB3B2A9DC8}.Release|Any CPU.ActiveCfg = Release|Any CPU
		{C270747D-0E55-4FAA-A537-BFDB3B2A9DC8}.Release|Any CPU.Build.0 = Release|Any CPU
		{C270747D-0E55-4FAA-A537-BFDB3B2A9DC8}.Release|x64.ActiveCfg = Release|Any CPU
		{C270747D-0E55-4FAA-A537-BFDB3B2A9DC8}.Release|x64.Build.0 = Release|Any CPU
		{C270747D-0E55-4FAA-A537-BFDB3B2A9DC8}.Release|x86.ActiveCfg = Release|Any CPU
		{C270747D-0E55-4FAA-A537-BFDB3B2A9DC8}.Release|x86.Build.0 = Release|Any CPU
		{1A470E82-F591-468E-8A45-23DC7ACC5726}.Debug|Any CPU.ActiveCfg = Debug|Any CPU
		{1A470E82-F591-468E-8A45-23DC7ACC5726}.Debug|Any CPU.Build.0 = Debug|Any CPU
		{1A470E82-F591-468E-8A45-23DC7ACC5726}.Debug|x64.ActiveCfg = Debug|Any CPU
		{1A470E82-F591-468E-8A45-23DC7ACC5726}.Debug|x64.Build.0 = Debug|Any CPU
		{1A470E82-F591-468E-8A45-23DC7ACC5726}.Debug|x86.ActiveCfg = Debug|Any CPU
		{1A470E82-F591-468E-8A45-23DC7ACC5726}.Debug|x86.Build.0 = Debug|Any CPU
		{1A470E82-F591-468E-8A45-23DC7ACC5726}.Release|Any CPU.ActiveCfg = Release|Any CPU
		{1A470E82-F591-468E-8A45-23DC7ACC5726}.Release|Any CPU.Build.0 = Release|Any CPU
		{1A470E82-F591-468E-8A45-23DC7ACC5726}.Release|x64.ActiveCfg = Release|Any CPU
		{1A470E82-F591-468E-8A45-23DC7ACC5726}.Release|x64.Build.0 = Release|Any CPU
		{1A470E82-F591-468E-8A45-23DC7ACC5726}.Release|x86.ActiveCfg = Release|Any CPU
		{1A470E82-F591-468E-8A45-23DC7ACC5726}.Release|x86.Build.0 = Release|Any CPU
		{618D3ADF-76C2-4011-8F89-56203CF54F3E}.Debug|Any CPU.ActiveCfg = Debug|Any CPU
		{618D3ADF-76C2-4011-8F89-56203CF54F3E}.Debug|Any CPU.Build.0 = Debug|Any CPU
		{618D3ADF-76C2-4011-8F89-56203CF54F3E}.Debug|x64.ActiveCfg = Debug|Any CPU
		{618D3ADF-76C2-4011-8F89-56203CF54F3E}.Debug|x64.Build.0 = Debug|Any CPU
		{618D3ADF-76C2-4011-8F89-56203CF54F3E}.Debug|x86.ActiveCfg = Debug|Any CPU
		{618D3ADF-76C2-4011-8F89-56203CF54F3E}.Debug|x86.Build.0 = Debug|Any CPU
		{618D3ADF-76C2-4011-8F89-56203CF54F3E}.Release|Any CPU.ActiveCfg = Release|Any CPU
		{618D3ADF-76C2-4011-8F89-56203CF54F3E}.Release|Any CPU.Build.0 = Release|Any CPU
		{618D3ADF-76C2-4011-8F89-56203CF54F3E}.Release|x64.ActiveCfg = Release|Any CPU
		{618D3ADF-76C2-4011-8F89-56203CF54F3E}.Release|x64.Build.0 = Release|Any CPU
		{618D3ADF-76C2-4011-8F89-56203CF54F3E}.Release|x86.ActiveCfg = Release|Any CPU
		{618D3ADF-76C2-4011-8F89-56203CF54F3E}.Release|x86.Build.0 = Release|Any CPU
		{7F772703-B1B9-45A9-A3FD-8BDCC5821391}.Debug|Any CPU.ActiveCfg = Debug|Any CPU
		{7F772703-B1B9-45A9-A3FD-8BDCC5821391}.Debug|Any CPU.Build.0 = Debug|Any CPU
		{7F772703-B1B9-45A9-A3FD-8BDCC5821391}.Debug|x64.ActiveCfg = Debug|Any CPU
		{7F772703-B1B9-45A9-A3FD-8BDCC5821391}.Debug|x64.Build.0 = Debug|Any CPU
		{7F772703-B1B9-45A9-A3FD-8BDCC5821391}.Debug|x86.ActiveCfg = Debug|Any CPU
		{7F772703-B1B9-45A9-A3FD-8BDCC5821391}.Debug|x86.Build.0 = Debug|Any CPU
		{7F772703-B1B9-45A9-A3FD-8BDCC5821391}.Release|Any CPU.ActiveCfg = Release|Any CPU
		{7F772703-B1B9-45A9-A3FD-8BDCC5821391}.Release|Any CPU.Build.0 = Release|Any CPU
		{7F772703-B1B9-45A9-A3FD-8BDCC5821391}.Release|x64.ActiveCfg = Release|Any CPU
		{7F772703-B1B9-45A9-A3FD-8BDCC5821391}.Release|x64.Build.0 = Release|Any CPU
		{7F772703-B1B9-45A9-A3FD-8BDCC5821391}.Release|x86.ActiveCfg = Release|Any CPU
		{7F772703-B1B9-45A9-A3FD-8BDCC5821391}.Release|x86.Build.0 = Release|Any CPU
		{8CE6281B-B76D-41ED-81FD-3954DB1E9678}.Debug|Any CPU.ActiveCfg = Debug|Any CPU
		{8CE6281B-B76D-41ED-81FD-3954DB1E9678}.Debug|Any CPU.Build.0 = Debug|Any CPU
		{8CE6281B-B76D-41ED-81FD-3954DB1E9678}.Debug|x64.ActiveCfg = Debug|Any CPU
		{8CE6281B-B76D-41ED-81FD-3954DB1E9678}.Debug|x64.Build.0 = Debug|Any CPU
		{8CE6281B-B76D-41ED-81FD-3954DB1E9678}.Debug|x86.ActiveCfg = Debug|Any CPU
		{8CE6281B-B76D-41ED-81FD-3954DB1E9678}.Debug|x86.Build.0 = Debug|Any CPU
		{8CE6281B-B76D-41ED-81FD-3954DB1E9678}.Release|Any CPU.ActiveCfg = Release|Any CPU
		{8CE6281B-B76D-41ED-81FD-3954DB1E9678}.Release|Any CPU.Build.0 = Release|Any CPU
		{8CE6281B-B76D-41ED-81FD-3954DB1E9678}.Release|x64.ActiveCfg = Release|Any CPU
		{8CE6281B-B76D-41ED-81FD-3954DB1E9678}.Release|x64.Build.0 = Release|Any CPU
		{8CE6281B-B76D-41ED-81FD-3954DB1E9678}.Release|x86.ActiveCfg = Release|Any CPU
		{8CE6281B-B76D-41ED-81FD-3954DB1E9678}.Release|x86.Build.0 = Release|Any CPU
		{B1FEC1A6-DD6A-4F62-824C-6D82EDFE5308}.Debug|Any CPU.ActiveCfg = Debug|Any CPU
		{B1FEC1A6-DD6A-4F62-824C-6D82EDFE5308}.Debug|Any CPU.Build.0 = Debug|Any CPU
		{B1FEC1A6-DD6A-4F62-824C-6D82EDFE5308}.Debug|x64.ActiveCfg = Debug|Any CPU
		{B1FEC1A6-DD6A-4F62-824C-6D82EDFE5308}.Debug|x64.Build.0 = Debug|Any CPU
		{B1FEC1A6-DD6A-4F62-824C-6D82EDFE5308}.Debug|x86.ActiveCfg = Debug|Any CPU
		{B1FEC1A6-DD6A-4F62-824C-6D82EDFE5308}.Debug|x86.Build.0 = Debug|Any CPU
		{B1FEC1A6-DD6A-4F62-824C-6D82EDFE5308}.Release|Any CPU.ActiveCfg = Release|Any CPU
		{B1FEC1A6-DD6A-4F62-824C-6D82EDFE5308}.Release|Any CPU.Build.0 = Release|Any CPU
		{B1FEC1A6-DD6A-4F62-824C-6D82EDFE5308}.Release|x64.ActiveCfg = Release|Any CPU
		{B1FEC1A6-DD6A-4F62-824C-6D82EDFE5308}.Release|x64.Build.0 = Release|Any CPU
		{B1FEC1A6-DD6A-4F62-824C-6D82EDFE5308}.Release|x86.ActiveCfg = Release|Any CPU
		{B1FEC1A6-DD6A-4F62-824C-6D82EDFE5308}.Release|x86.Build.0 = Release|Any CPU
		{3020F672-4E2F-41EA-9259-D1B26B8E66B1}.Debug|Any CPU.ActiveCfg = Debug|Any CPU
		{3020F672-4E2F-41EA-9259-D1B26B8E66B1}.Debug|Any CPU.Build.0 = Debug|Any CPU
		{3020F672-4E2F-41EA-9259-D1B26B8E66B1}.Debug|x64.ActiveCfg = Debug|Any CPU
		{3020F672-4E2F-41EA-9259-D1B26B8E66B1}.Debug|x64.Build.0 = Debug|Any CPU
		{3020F672-4E2F-41EA-9259-D1B26B8E66B1}.Debug|x86.ActiveCfg = Debug|Any CPU
		{3020F672-4E2F-41EA-9259-D1B26B8E66B1}.Debug|x86.Build.0 = Debug|Any CPU
		{3020F672-4E2F-41EA-9259-D1B26B8E66B1}.Release|Any CPU.ActiveCfg = Release|Any CPU
		{3020F672-4E2F-41EA-9259-D1B26B8E66B1}.Release|Any CPU.Build.0 = Release|Any CPU
		{3020F672-4E2F-41EA-9259-D1B26B8E66B1}.Release|x64.ActiveCfg = Release|Any CPU
		{3020F672-4E2F-41EA-9259-D1B26B8E66B1}.Release|x64.Build.0 = Release|Any CPU
		{3020F672-4E2F-41EA-9259-D1B26B8E66B1}.Release|x86.ActiveCfg = Release|Any CPU
		{3020F672-4E2F-41EA-9259-D1B26B8E66B1}.Release|x86.Build.0 = Release|Any CPU
	EndGlobalSection
	GlobalSection(SolutionProperties) = preSolution
		HideSolutionNode = FALSE
	EndGlobalSection
	GlobalSection(NestedProjects) = preSolution
		{7F772703-B1B9-45A9-A3FD-8BDCC5821391} = {AD37148D-99AF-434A-814C-C93B0CD62308}
		{8CE6281B-B76D-41ED-81FD-3954DB1E9678} = {AD37148D-99AF-434A-814C-C93B0CD62308}
		{B1FEC1A6-DD6A-4F62-824C-6D82EDFE5308} = {AD37148D-99AF-434A-814C-C93B0CD62308}
		{3020F672-4E2F-41EA-9259-D1B26B8E66B1} = {AD37148D-99AF-434A-814C-C93B0CD62308}
	EndGlobalSection
	GlobalSection(ExtensibilityGlobals) = postSolution
		SolutionGuid = {683DE127-5B72-4825-9B66-73466E05DDBF}
	EndGlobalSection
EndGlobal
